{
  "requires": true,
  "lockfileVersion": 1,
  "dependencies": {
    "cropper": {
      "version": "4.1.0",
      "resolved": "https://registry.npm.taobao.org/cropper/download/cropper-4.1.0.tgz",
      "integrity": "sha1-PC+qp49zCjxxgUzuYeF8emdLlD8=",
      "requires": {
        "cropperjs": "^1.5.6"
      }
    },
    "cropperjs": {
      "version": "1.5.9",
      "resolved": "https://registry.npm.taobao.org/cropperjs/download/cropperjs-1.5.9.tgz",
      "integrity": "sha1-T/nTHgKtBNL8XfAEQgfCrVPZnag="
    }
  }
}
